
Microsoft Visual Studio Solution File, Format Version 12.00
# Visual Studio Version 16
VisualStudioVersion = 16.0.31424.327
MinimumVisualStudioVersion = 10.0.40219.1
Project("{9A19103F-16F7-4668-BE54-9A1E7A4F7556}") = "Spritify.Api", "api\Spritify.Api\Spritify.Api.csproj", "{C27F406E-2C02-4077-AF00-0F66F59806AF}"
EndProject
Project("{2150E333-8FDC-42A3-9474-1A3956D46DE8}") = "api", "api", "{BEDB5A79-A1F3-411B-9DE0-BC7FB1AD135D}"
EndProject
Project("{2150E333-8FDC-42A3-9474-1A3956D46DE8}") = "web", "web", "{073F7F95-17D2-42F1-BF87-828C25AB66F5}"
EndProject
Project("{9A19103F-16F7-4668-BE54-9A1E7A4F7556}") = "Spritify.Web", "web\Spritify.Web\Spritify.Web.csproj", "{73941D59-72A0-4336-B07D-27BC8176F343}"
	ProjectSection(ProjectDependencies) = postProject
		{C27F406E-2C02-4077-AF00-0F66F59806AF} = {C27F406E-2C02-4077-AF00-0F66F59806AF}
	EndProjectSection
EndProject
Global
	GlobalSection(SolutionConfigurationPlatforms) = preSolution
		Debug|Any CPU = Debug|Any CPU
		Release|Any CPU = Release|Any CPU
	EndGlobalSection
	GlobalSection(ProjectConfigurationPlatforms) = postSolution
		{C27F406E-2C02-4077-AF00-0F66F59806AF}.Debug|Any CPU.ActiveCfg = Debug|Any CPU
		{C27F406E-2C02-4077-AF00-0F66F59806AF}.Debug|Any CPU.Build.0 = Debug|Any CPU
		{C27F406E-2C02-4077-AF00-0F66F59806AF}.Release|Any CPU.ActiveCfg = Release|Any CPU
		{C27F406E-2C02-4077-AF00-0F66F59806AF}.Release|Any CPU.Build.0 = Release|Any CPU
		{73941D59-72A0-4336-B07D-27BC8176F343}.Debug|Any CPU.ActiveCfg = Debug|Any CPU
		{73941D59-72A0-4336-B07D-27BC8176F343}.Debug|Any CPU.Build.0 = Debug|Any CPU
		{73941D59-72A0-4336-B07D-27BC8176F343}.Release|Any CPU.ActiveCfg = Release|Any CPU
		{73941D59-72A0-4336-B07D-27BC8176F343}.Release|Any CPU.Build.0 = Release|Any CPU
	EndGlobalSection
	GlobalSection(SolutionProperties) = preSolution
		HideSolutionNode = FALSE
	EndGlobalSection
	GlobalSection(NestedProjects) = preSolution
		{C27F406E-2C02-4077-AF00-0F66F59806AF} = {BEDB5A79-A1F3-411B-9DE0-BC7FB1AD135D}
		{73941D59-72A0-4336-B07D-27BC8176F343} = {073F7F95-17D2-42F1-BF87-828C25AB66F5}
	EndGlobalSection
	GlobalSection(ExtensibilityGlobals) = postSolution
		SolutionGuid = {AD304890-DEF1-462E-9016-C6FC9B72B7C6}
	EndGlobalSection
EndGlobal
