
Microsoft Visual Studio Solution File, Format Version 12.00
# Visual Studio Version 16
VisualStudioVersion = 16.0.31424.327
MinimumVisualStudioVersion = 10.0.40219.1
Project("{2150E333-8FDC-42A3-9474-1A3956D46DE8}") = "common", "common", "{6987E055-90B9-458C-AB88-D9BD69FF10A4}"
EndProject
Project("{9A19103F-16F7-4668-BE54-9A1E7A4F7556}") = "Spritify.Common", "common\Spritify.Common\Spritify.Common.csproj", "{B3725C4E-7770-4467-BC74-2FCB8E4FC3B7}"
EndProject
Project("{FAE04EC0-301F-11D3-BF4B-00C04F79EFBC}") = "Spritify.Common.Autofac", "common\Spritify.Common.Autofac\Spritify.Common.Autofac.csproj", "{3F83F56C-547D-4608-90A3-CD6FC1DD8D82}"
EndProject
Project("{2150E333-8FDC-42A3-9474-1A3956D46DE8}") = "api", "api", "{BEDB5A79-A1F3-411B-9DE0-BC7FB1AD135D}"
EndProject
Project("{9A19103F-16F7-4668-BE54-9A1E7A4F7556}") = "Spritify.Api", "api\Spritify.Api\Spritify.Api.csproj", "{C27F406E-2C02-4077-AF00-0F66F59806AF}"
EndProject
Project("{2150E333-8FDC-42A3-9474-1A3956D46DE8}") = "common", "common", "{D0C1166B-B070-4A1F-84D3-3BFDF83AE557}"
EndProject
Project("{9A19103F-16F7-4668-BE54-9A1E7A4F7556}") = "Spritify.Api.Common", "api\common\Spritify.Api.Common\Spritify.Api.Common.csproj", "{218817E5-C6A4-4DEE-AE8B-4463441AA2C3}"
EndProject
Project("{9A19103F-16F7-4668-BE54-9A1E7A4F7556}") = "Spritify.Api.Common.Interfaces", "api\common\Spritify.Api.Common.Interfaces\Spritify.Api.Common.Interfaces.csproj", "{68741CCF-70F6-479D-896D-A767F1A18A06}"
EndProject
Project("{9A19103F-16F7-4668-BE54-9A1E7A4F7556}") = "Spritify.Api.Common.DataTransfer", "api\common\Spritify.Api.Common.DataTransfer\Spritify.Api.Common.DataTransfer.csproj", "{6C7023D4-BB50-41EC-B12D-7A7F174898A6}"
EndProject
Project("{2150E333-8FDC-42A3-9474-1A3956D46DE8}") = "core", "core", "{08BD8FDA-95F6-4CB2-A54E-ED6F54B408AD}"
EndProject
Project("{9A19103F-16F7-4668-BE54-9A1E7A4F7556}") = "Spritify.Api.Core", "api\core\Spritify.Api.Core\Spritify.Api.Core.csproj", "{96F8D917-9C08-46A8-BAC3-1606C9865856}"
EndProject
Project("{9A19103F-16F7-4668-BE54-9A1E7A4F7556}") = "Spritify.Api.Core.Interfaces", "api\core\Spritify.Api.Core.Interfaces\Spritify.Api.Core.Interfaces.csproj", "{133E5599-02F3-4819-9F0F-70C34DF2A6F9}"
EndProject
Project("{9A19103F-16F7-4668-BE54-9A1E7A4F7556}") = "Spritify.Api.Core.DataTransfer", "api\core\Spritify.Api.Core.Entities\Spritify.Api.Core.DataTransfer.csproj", "{1CAFA7B5-2536-4648-BFBC-EDE3534507DB}"
EndProject
Project("{2150E333-8FDC-42A3-9474-1A3956D46DE8}") = "web", "web", "{073F7F95-17D2-42F1-BF87-828C25AB66F5}"
EndProject
Project("{9A19103F-16F7-4668-BE54-9A1E7A4F7556}") = "Spritify.Web", "web\Spritify.Web\Spritify.Web.csproj", "{73941D59-72A0-4336-B07D-27BC8176F343}"
	ProjectSection(ProjectDependencies) = postProject
		{C27F406E-2C02-4077-AF00-0F66F59806AF} = {C27F406E-2C02-4077-AF00-0F66F59806AF}
	EndProjectSection
EndProject
Project("{2150E333-8FDC-42A3-9474-1A3956D46DE8}") = "testFramework", "testFramework", "{7F194102-A8E6-4177-8FFA-97A46D2B5991}"
EndProject
Project("{9A19103F-16F7-4668-BE54-9A1E7A4F7556}") = "Spritify.TestFramework", "testFramework\Spritify.TestFramework\Spritify.TestFramework.csproj", "{8D78D8F9-5C63-4784-8A98-9ED26C25628C}"
EndProject
Project("{9A19103F-16F7-4668-BE54-9A1E7A4F7556}") = "Spritify.TestFramework.Extensions.Jwt", "testFramework\Spritify.TestFramework.Extensions.Jwt\Spritify.TestFramework.Extensions.Jwt.csproj", "{A4774F5E-3E0D-4BB2-A005-D9AC6D47A087}"
EndProject
Project("{9A19103F-16F7-4668-BE54-9A1E7A4F7556}") = "Spritify.TestFramework.Extensions.Configuration", "testFramework\Spritify.TestFramework.Extensions.Configuration\Spritify.TestFramework.Extensions.Configuration.csproj", "{A06C9F83-A3AF-46B7-9526-B9BB7778EB0D}"
EndProject
Project("{9A19103F-16F7-4668-BE54-9A1E7A4F7556}") = "Spritify.TestFramework.Extensions.Hosting", "testFramework\Spritify.TestFramework.Extensions.Hosting\Spritify.TestFramework.Extensions.Hosting.csproj", "{68F1CD12-E0E8-4CD7-A883-C271601B08E2}"
EndProject
Project("{9A19103F-16F7-4668-BE54-9A1E7A4F7556}") = "Spritify.TestFramework.Extensions.Mocking", "testFramework\Spritify.TestFramework.Extensions.Mocking\Spritify.TestFramework.Extensions.Mocking.csproj", "{DBF7B8AC-848A-4D5F-A97E-DDFFBB9FCF78}"
EndProject
Project("{FAE04EC0-301F-11D3-BF4B-00C04F79EFBC}") = "Spritify.TestFramework.Extensions.Mocking.Autofac", "testFramework\Spritify.TestFramework.Extensions.Mocking.Autofac\Spritify.TestFramework.Extensions.Mocking.Autofac.csproj", "{1CC6029B-8D22-45EA-B181-3EA765F92CE4}"
EndProject
Global
	GlobalSection(SolutionConfigurationPlatforms) = preSolution
		Debug|Any CPU = Debug|Any CPU
		Release|Any CPU = Release|Any CPU
	EndGlobalSection
	GlobalSection(ProjectConfigurationPlatforms) = postSolution
		{C27F406E-2C02-4077-AF00-0F66F59806AF}.Debug|Any CPU.ActiveCfg = Debug|Any CPU
		{C27F406E-2C02-4077-AF00-0F66F59806AF}.Debug|Any CPU.Build.0 = Debug|Any CPU
		{C27F406E-2C02-4077-AF00-0F66F59806AF}.Release|Any CPU.ActiveCfg = Release|Any CPU
		{C27F406E-2C02-4077-AF00-0F66F59806AF}.Release|Any CPU.Build.0 = Release|Any CPU
		{73941D59-72A0-4336-B07D-27BC8176F343}.Debug|Any CPU.ActiveCfg = Debug|Any CPU
		{73941D59-72A0-4336-B07D-27BC8176F343}.Debug|Any CPU.Build.0 = Debug|Any CPU
		{73941D59-72A0-4336-B07D-27BC8176F343}.Release|Any CPU.ActiveCfg = Release|Any CPU
		{73941D59-72A0-4336-B07D-27BC8176F343}.Release|Any CPU.Build.0 = Release|Any CPU
		{218817E5-C6A4-4DEE-AE8B-4463441AA2C3}.Debug|Any CPU.ActiveCfg = Debug|Any CPU
		{218817E5-C6A4-4DEE-AE8B-4463441AA2C3}.Debug|Any CPU.Build.0 = Debug|Any CPU
		{218817E5-C6A4-4DEE-AE8B-4463441AA2C3}.Release|Any CPU.ActiveCfg = Release|Any CPU
		{218817E5-C6A4-4DEE-AE8B-4463441AA2C3}.Release|Any CPU.Build.0 = Release|Any CPU
		{133E5599-02F3-4819-9F0F-70C34DF2A6F9}.Debug|Any CPU.ActiveCfg = Debug|Any CPU
		{133E5599-02F3-4819-9F0F-70C34DF2A6F9}.Debug|Any CPU.Build.0 = Debug|Any CPU
		{133E5599-02F3-4819-9F0F-70C34DF2A6F9}.Release|Any CPU.ActiveCfg = Release|Any CPU
		{133E5599-02F3-4819-9F0F-70C34DF2A6F9}.Release|Any CPU.Build.0 = Release|Any CPU
		{1CAFA7B5-2536-4648-BFBC-EDE3534507DB}.Debug|Any CPU.ActiveCfg = Debug|Any CPU
		{1CAFA7B5-2536-4648-BFBC-EDE3534507DB}.Debug|Any CPU.Build.0 = Debug|Any CPU
		{1CAFA7B5-2536-4648-BFBC-EDE3534507DB}.Release|Any CPU.ActiveCfg = Release|Any CPU
		{1CAFA7B5-2536-4648-BFBC-EDE3534507DB}.Release|Any CPU.Build.0 = Release|Any CPU
		{96F8D917-9C08-46A8-BAC3-1606C9865856}.Debug|Any CPU.ActiveCfg = Debug|Any CPU
		{96F8D917-9C08-46A8-BAC3-1606C9865856}.Debug|Any CPU.Build.0 = Debug|Any CPU
		{96F8D917-9C08-46A8-BAC3-1606C9865856}.Release|Any CPU.ActiveCfg = Release|Any CPU
		{96F8D917-9C08-46A8-BAC3-1606C9865856}.Release|Any CPU.Build.0 = Release|Any CPU
		{68741CCF-70F6-479D-896D-A767F1A18A06}.Debug|Any CPU.ActiveCfg = Debug|Any CPU
		{68741CCF-70F6-479D-896D-A767F1A18A06}.Debug|Any CPU.Build.0 = Debug|Any CPU
		{68741CCF-70F6-479D-896D-A767F1A18A06}.Release|Any CPU.ActiveCfg = Release|Any CPU
		{68741CCF-70F6-479D-896D-A767F1A18A06}.Release|Any CPU.Build.0 = Release|Any CPU
		{6C7023D4-BB50-41EC-B12D-7A7F174898A6}.Debug|Any CPU.ActiveCfg = Debug|Any CPU
		{6C7023D4-BB50-41EC-B12D-7A7F174898A6}.Debug|Any CPU.Build.0 = Debug|Any CPU
		{6C7023D4-BB50-41EC-B12D-7A7F174898A6}.Release|Any CPU.ActiveCfg = Release|Any CPU
		{6C7023D4-BB50-41EC-B12D-7A7F174898A6}.Release|Any CPU.Build.0 = Release|Any CPU
		{8D78D8F9-5C63-4784-8A98-9ED26C25628C}.Debug|Any CPU.ActiveCfg = Debug|Any CPU
		{8D78D8F9-5C63-4784-8A98-9ED26C25628C}.Debug|Any CPU.Build.0 = Debug|Any CPU
		{8D78D8F9-5C63-4784-8A98-9ED26C25628C}.Release|Any CPU.ActiveCfg = Release|Any CPU
		{8D78D8F9-5C63-4784-8A98-9ED26C25628C}.Release|Any CPU.Build.0 = Release|Any CPU
		{A4774F5E-3E0D-4BB2-A005-D9AC6D47A087}.Debug|Any CPU.ActiveCfg = Debug|Any CPU
		{A4774F5E-3E0D-4BB2-A005-D9AC6D47A087}.Debug|Any CPU.Build.0 = Debug|Any CPU
		{A4774F5E-3E0D-4BB2-A005-D9AC6D47A087}.Release|Any CPU.ActiveCfg = Release|Any CPU
		{A4774F5E-3E0D-4BB2-A005-D9AC6D47A087}.Release|Any CPU.Build.0 = Release|Any CPU
		{B3725C4E-7770-4467-BC74-2FCB8E4FC3B7}.Debug|Any CPU.ActiveCfg = Debug|Any CPU
		{B3725C4E-7770-4467-BC74-2FCB8E4FC3B7}.Debug|Any CPU.Build.0 = Debug|Any CPU
		{B3725C4E-7770-4467-BC74-2FCB8E4FC3B7}.Release|Any CPU.ActiveCfg = Release|Any CPU
		{B3725C4E-7770-4467-BC74-2FCB8E4FC3B7}.Release|Any CPU.Build.0 = Release|Any CPU
		{A06C9F83-A3AF-46B7-9526-B9BB7778EB0D}.Debug|Any CPU.ActiveCfg = Debug|Any CPU
		{A06C9F83-A3AF-46B7-9526-B9BB7778EB0D}.Debug|Any CPU.Build.0 = Debug|Any CPU
		{A06C9F83-A3AF-46B7-9526-B9BB7778EB0D}.Release|Any CPU.ActiveCfg = Release|Any CPU
		{A06C9F83-A3AF-46B7-9526-B9BB7778EB0D}.Release|Any CPU.Build.0 = Release|Any CPU
		{68F1CD12-E0E8-4CD7-A883-C271601B08E2}.Debug|Any CPU.ActiveCfg = Debug|Any CPU
		{68F1CD12-E0E8-4CD7-A883-C271601B08E2}.Debug|Any CPU.Build.0 = Debug|Any CPU
		{68F1CD12-E0E8-4CD7-A883-C271601B08E2}.Release|Any CPU.ActiveCfg = Release|Any CPU
		{68F1CD12-E0E8-4CD7-A883-C271601B08E2}.Release|Any CPU.Build.0 = Release|Any CPU
		{DBF7B8AC-848A-4D5F-A97E-DDFFBB9FCF78}.Debug|Any CPU.ActiveCfg = Debug|Any CPU
		{DBF7B8AC-848A-4D5F-A97E-DDFFBB9FCF78}.Debug|Any CPU.Build.0 = Debug|Any CPU
		{DBF7B8AC-848A-4D5F-A97E-DDFFBB9FCF78}.Release|Any CPU.ActiveCfg = Release|Any CPU
		{DBF7B8AC-848A-4D5F-A97E-DDFFBB9FCF78}.Release|Any CPU.Build.0 = Release|Any CPU
		{1CC6029B-8D22-45EA-B181-3EA765F92CE4}.Debug|Any CPU.ActiveCfg = Debug|Any CPU
		{1CC6029B-8D22-45EA-B181-3EA765F92CE4}.Debug|Any CPU.Build.0 = Debug|Any CPU
		{1CC6029B-8D22-45EA-B181-3EA765F92CE4}.Release|Any CPU.ActiveCfg = Release|Any CPU
		{1CC6029B-8D22-45EA-B181-3EA765F92CE4}.Release|Any CPU.Build.0 = Release|Any CPU
		{3F83F56C-547D-4608-90A3-CD6FC1DD8D82}.Debug|Any CPU.ActiveCfg = Debug|Any CPU
		{3F83F56C-547D-4608-90A3-CD6FC1DD8D82}.Debug|Any CPU.Build.0 = Debug|Any CPU
		{3F83F56C-547D-4608-90A3-CD6FC1DD8D82}.Release|Any CPU.ActiveCfg = Release|Any CPU
		{3F83F56C-547D-4608-90A3-CD6FC1DD8D82}.Release|Any CPU.Build.0 = Release|Any CPU
	EndGlobalSection
	GlobalSection(SolutionProperties) = preSolution
		HideSolutionNode = FALSE
	EndGlobalSection
	GlobalSection(NestedProjects) = preSolution
		{C27F406E-2C02-4077-AF00-0F66F59806AF} = {BEDB5A79-A1F3-411B-9DE0-BC7FB1AD135D}
		{73941D59-72A0-4336-B07D-27BC8176F343} = {073F7F95-17D2-42F1-BF87-828C25AB66F5}
		{218817E5-C6A4-4DEE-AE8B-4463441AA2C3} = {D0C1166B-B070-4A1F-84D3-3BFDF83AE557}
		{133E5599-02F3-4819-9F0F-70C34DF2A6F9} = {08BD8FDA-95F6-4CB2-A54E-ED6F54B408AD}
		{1CAFA7B5-2536-4648-BFBC-EDE3534507DB} = {08BD8FDA-95F6-4CB2-A54E-ED6F54B408AD}
		{96F8D917-9C08-46A8-BAC3-1606C9865856} = {08BD8FDA-95F6-4CB2-A54E-ED6F54B408AD}
		{08BD8FDA-95F6-4CB2-A54E-ED6F54B408AD} = {BEDB5A79-A1F3-411B-9DE0-BC7FB1AD135D}
		{D0C1166B-B070-4A1F-84D3-3BFDF83AE557} = {BEDB5A79-A1F3-411B-9DE0-BC7FB1AD135D}
		{68741CCF-70F6-479D-896D-A767F1A18A06} = {D0C1166B-B070-4A1F-84D3-3BFDF83AE557}
		{6C7023D4-BB50-41EC-B12D-7A7F174898A6} = {D0C1166B-B070-4A1F-84D3-3BFDF83AE557}
		{8D78D8F9-5C63-4784-8A98-9ED26C25628C} = {7F194102-A8E6-4177-8FFA-97A46D2B5991}
		{A4774F5E-3E0D-4BB2-A005-D9AC6D47A087} = {7F194102-A8E6-4177-8FFA-97A46D2B5991}
		{B3725C4E-7770-4467-BC74-2FCB8E4FC3B7} = {6987E055-90B9-458C-AB88-D9BD69FF10A4}
		{A06C9F83-A3AF-46B7-9526-B9BB7778EB0D} = {7F194102-A8E6-4177-8FFA-97A46D2B5991}
		{68F1CD12-E0E8-4CD7-A883-C271601B08E2} = {7F194102-A8E6-4177-8FFA-97A46D2B5991}
		{DBF7B8AC-848A-4D5F-A97E-DDFFBB9FCF78} = {7F194102-A8E6-4177-8FFA-97A46D2B5991}
		{1CC6029B-8D22-45EA-B181-3EA765F92CE4} = {7F194102-A8E6-4177-8FFA-97A46D2B5991}
		{3F83F56C-547D-4608-90A3-CD6FC1DD8D82} = {6987E055-90B9-458C-AB88-D9BD69FF10A4}
	EndGlobalSection
	GlobalSection(ExtensibilityGlobals) = postSolution
		SolutionGuid = {AD304890-DEF1-462E-9016-C6FC9B72B7C6}
	EndGlobalSection
EndGlobal
